<?xml version="1.0" encoding="utf-8"?>
<Project ToolsVersion="4.0" xmlns="http://schemas.microsoft.com/developer/msbuild/2003">
  <ItemGroup>
    <Filter Include="Исходные файлы">
      <UniqueIdentifier>{4FC737F1-C7A5-4376-A066-2A32D752A2FF}</UniqueIdentifier>
      <Extensions>cpp;c;cc;cxx;c++;cppm;ixx;def;odl;idl;hpj;bat;asm;asmx</Extensions>
    </Filter>
    <Filter Include="Файлы заголовков">
      <UniqueIdentifier>{93995380-89BD-4b04-88EB-625FBE52EBFB}</UniqueIdentifier>
      <Extensions>h;hh;hpp;hxx;h++;hm;inl;inc;ipp;xsd</Extensions>
    </Filter>
    <Filter Include="Файлы ресурсов">
      <UniqueIdentifier>{67DA6AB6-F800-4c08-8B7A-83BB121AAD01}</UniqueIdentifier>
      <Extensions>rc;ico;cur;bmp;dlg;rc2;rct;bin;rgs;gif;jpg;jpeg;jpe;resx;tiff;tif;png;wav;mfcribbon-ms</Extensions>
    </Filter>
    <Filter Include="States">
      <UniqueIdentifier>{f205b8d3-68bc-4902-92ef-79f482cd51fb}</UniqueIdentifier>
    </Filter>
    <Filter Include="Resourses">
      <UniqueIdentifier>{5d84048a-1a33-455b-b3be-0caafea16b7e}</UniqueIdentifier>
    </Filter>
    <Filter Include="World">
      <UniqueIdentifier>{3a1e9c09-b162-4465-988b-c8fe514b92c2}</UniqueIdentifier>
    </Filter>
    <Filter Include="World\Map">
      <UniqueIdentifier>{c10f67f4-cdd4-41d3-bbfb-a6399286188c}</UniqueIdentifier>
    </Filter>
    <Filter Include="World\Tile">
      <UniqueIdentifier>{f9885b9a-9210-4a84-935c-4a1b90e98c30}</UniqueIdentifier>
    </Filter>
    <Filter Include="GUI">
      <UniqueIdentifier>{f5a8cd58-08af-4cf0-8c29-0f960ddbe0a7}</UniqueIdentifier>
    </Filter>
    <Filter Include="GUI\Settings">
      <UniqueIdentifier>{469216cf-a2f1-4d04-aa59-1cc41f847788}</UniqueIdentifier>
    </Filter>
    <Filter Include="GUI\Widgets">
      <UniqueIdentifier>{b39ef0a1-f6be-4597-bd35-caf1e3ccb6ab}</UniqueIdentifier>
    </Filter>
    <Filter Include="GUI\Widgets\Button">
      <UniqueIdentifier>{6104317b-471d-4d74-af28-e1ac4b15575e}</UniqueIdentifier>
    </Filter>
    <Filter Include="GUI\Widgets\DropList">
      <UniqueIdentifier>{8b69a24b-127a-48cf-b7fd-2977288d31a5}</UniqueIdentifier>
    </Filter>
    <Filter Include="GUI\Widgets\Canvas">
      <UniqueIdentifier>{5bbd3e40-06e2-4411-8e3d-768b84a61e60}</UniqueIdentifier>
    </Filter>
    <Filter Include="GUI\Widgets\TextBox">
      <UniqueIdentifier>{c928c022-87b2-4b84-9a1c-fcb4919c1e89}</UniqueIdentifier>
    </Filter>
    <Filter Include="GUI\Widgets\Slider">
      <UniqueIdentifier>{8dfd49c3-c6cf-4c3d-b98d-d0025efd05cd}</UniqueIdentifier>
    </Filter>
    <Filter Include="GUI\Widgets\Window">
      <UniqueIdentifier>{4db76816-7b4f-4037-977d-60af82d0cea4}</UniqueIdentifier>
    </Filter>
    <Filter Include="GUI\Widgets\CheckBox">
      <UniqueIdentifier>{f810844d-4951-4fcd-8776-3717be84e536}</UniqueIdentifier>
    </Filter>
    <Filter Include="Components">
      <UniqueIdentifier>{893f44ec-4baa-484d-8dbc-39cb04498c1c}</UniqueIdentifier>
    </Filter>
    <Filter Include="Entity">
      <UniqueIdentifier>{8775ff55-cfc8-4040-acc1-d8bc6caf8db8}</UniqueIdentifier>
    </Filter>
    <Filter Include="Core">
      <UniqueIdentifier>{3d72091b-6196-400e-a3c8-e25878d600ee}</UniqueIdentifier>
    </Filter>
    <Filter Include="Core\Includes">
      <UniqueIdentifier>{efc92598-7191-490f-863f-760cd258f81f}</UniqueIdentifier>
    </Filter>
    <Filter Include="GUI\Style">
      <UniqueIdentifier>{b8a508bc-8058-42fc-b69c-5e56d5f75e61}</UniqueIdentifier>
    </Filter>
    <Filter Include="Game">
      <UniqueIdentifier>{315e5bc1-3854-4abb-b499-3d1601a4ab39}</UniqueIdentifier>
    </Filter>
    <Filter Include="Game\Camera">
      <UniqueIdentifier>{ac91e7cd-9b6a-479e-adbd-25a893caec58}</UniqueIdentifier>
    </Filter>
  </ItemGroup>
  <ItemGroup>
    <ClCompile Include="stdafx.cpp">
      <Filter>Core\Includes</Filter>
    </ClCompile>
    <ClCompile Include="GraphicSettings.cpp">
      <Filter>GUI\Settings</Filter>
    </ClCompile>
    <ClCompile Include="State.cpp">
      <Filter>States</Filter>
    </ClCompile>
    <ClCompile Include="CheckBox.cpp">
      <Filter>GUI\Widgets\CheckBox</Filter>
    </ClCompile>
    <ClCompile Include="Textures.cpp">
      <Filter>Resourses</Filter>
    </ClCompile>
    <ClCompile Include="Resources.cpp">
      <Filter>Resourses</Filter>
    </ClCompile>
    <ClCompile Include="Audio.cpp">
      <Filter>Resourses</Filter>
    </ClCompile>
    <ClCompile Include="Define.cpp">
      <Filter>Core</Filter>
    </ClCompile>
    <ClCompile Include="Game.cpp">
      <Filter>Core</Filter>
    </ClCompile>
    <ClCompile Include="System.cpp">
      <Filter>Core</Filter>
    </ClCompile>
    <ClCompile Include="Entity.cpp">
      <Filter>Entity</Filter>
    </ClCompile>
    <ClCompile Include="EntityManager.cpp">
      <Filter>Entity</Filter>
    </ClCompile>
    <ClCompile Include="Component.cpp">
      <Filter>Components</Filter>
    </ClCompile>
    <ClCompile Include="TransformComponent.cpp">
      <Filter>Components</Filter>
    </ClCompile>
    <ClCompile Include="Main.cpp">
      <Filter>Исходные файлы</Filter>
    </ClCompile>
    <ClCompile Include="Input.cpp">
      <Filter>Core</Filter>
    </ClCompile>
    <ClCompile Include="GameState.cpp">
      <Filter>States</Filter>
    </ClCompile>
    <ClCompile Include="MainMenuState.cpp">
      <Filter>States</Filter>
    </ClCompile>
    <ClCompile Include="SettingsState.cpp">
      <Filter>States</Filter>
    </ClCompile>
    <ClCompile Include="RichText.cpp">
      <Filter>GUI</Filter>
    </ClCompile>
    <ClCompile Include="Map.cpp">
      <Filter>World\Map</Filter>
    </ClCompile>
    <ClCompile Include="Tile.cpp">
      <Filter>World\Tile</Filter>
    </ClCompile>
  </ItemGroup>
  <ItemGroup>
    <ClInclude Include="stdafx.h">
      <Filter>Core\Includes</Filter>
    </ClInclude>
    <ClInclude Include="Textures.h">
      <Filter>Resourses</Filter>
    </ClInclude>
    <ClInclude Include="Fonts.h">
      <Filter>Resourses</Filter>
    </ClInclude>
    <ClInclude Include="Audio.h">
      <Filter>Resourses</Filter>
    </ClInclude>
    <ClInclude Include="GraphicSettings.h">
      <Filter>GUI\Settings</Filter>
    </ClInclude>
    <ClInclude Include="State.h">
      <Filter>States</Filter>
    </ClInclude>
    <ClInclude Include="Button.h">
      <Filter>GUI\Widgets\Button</Filter>
    </ClInclude>
    <ClInclude Include="AbstracWidget.h">
      <Filter>GUI\Widgets</Filter>
    </ClInclude>
    <ClInclude Include="Map.h">
      <Filter>World\Map</Filter>
    </ClInclude>
    <ClInclude Include="Tile.h">
      <Filter>World\Tile</Filter>
    </ClInclude>
    <ClInclude Include="CheckBox.h">
      <Filter>GUI\Widgets\CheckBox</Filter>
    </ClInclude>
    <ClInclude Include="Resources.h">
      <Filter>Resourses</Filter>
    </ClInclude>
    <ClInclude Include="Define.h">
      <Filter>Core</Filter>
    </ClInclude>
    <ClInclude Include="Game.h">
      <Filter>Core</Filter>
    </ClInclude>
    <ClInclude Include="System.h">
      <Filter>Core</Filter>
    </ClInclude>
    <ClInclude Include="Enums.h">
      <Filter>Core</Filter>
    </ClInclude>
    <ClInclude Include="Component.h">
      <Filter>Components</Filter>
    </ClInclude>
    <ClInclude Include="Entity.h">
      <Filter>Entity</Filter>
    </ClInclude>
    <ClInclude Include="EntityManager.h">
      <Filter>Entity</Filter>
    </ClInclude>
    <ClInclude Include="resource.h">
      <Filter>Файлы заголовков</Filter>
    </ClInclude>
    <ClInclude Include="TransformComponent.h">
      <Filter>Components</Filter>
    </ClInclude>
    <ClInclude Include="Input.h">
      <Filter>Core</Filter>
    </ClInclude>
    <ClInclude Include="GameState.h">
      <Filter>States</Filter>
    </ClInclude>
    <ClInclude Include="MainMenuState.h">
      <Filter>States</Filter>
    </ClInclude>
    <ClInclude Include="SettingsState.h">
      <Filter>States</Filter>
    </ClInclude>
    <ClInclude Include="RichText.h">
      <Filter>GUI</Filter>
    </ClInclude>
  </ItemGroup>
  <ItemGroup>
    <ResourceCompile Include="Medievalution.rc">
      <Filter>Файлы ресурсов</Filter>
    </ResourceCompile>
  </ItemGroup>
  <ItemGroup>
    <Image Include="Resourses\Icons\icon.ico">
      <Filter>Файлы ресурсов</Filter>
    </Image>
  </ItemGroup>
</Project>